{
  "version": 4,
  "terraform_version": "1.5.7",
  "serial": 22,
  "lineage": "cde6a717-f1c5-4a69-b6d6-c5b4dfcce5af",
  "outputs": {
    "chiuc_floating_ip": {
      "value": "192.5.87.150",
      "type": "string"
    },
    "chiuc_instance_details": {
      "value": {
        "instance": "mlops-chiuc-vm",
        "ip": "192.5.87.150",
        "provider": "CHI@UC"
      },
      "type": [
        "object",
        {
          "instance": "string",
          "ip": "string",
          "provider": "string"
        }
      ]
    },
    "chiuc_instance_ip": {
      "value": "192.5.87.150",
      "type": "string"
    },
    "chiuc_instance_name": {
      "value": "mlops-chiuc-vm",
      "type": "string"
    },
    "chiuc_instance_provider": {
      "value": "CHI@UC",
      "type": "string"
    },
    "kvm_floating_ip": {
      "value": "129.114.24.223",
      "type": "string"
    },
    "kvm_instance_details": {
      "value": {
        "instance": "mlops-kvm-vm",
        "ip": "129.114.24.223",
        "provider": "KVM@TACC"
      },
      "type": [
        "object",
        {
          "instance": "string",
          "ip": "string",
          "provider": "string"
        }
      ]
    },
    "kvm_instance_ip": {
      "value": "129.114.24.223",
      "type": "string"
    },
    "kvm_instance_name": {
      "value": "mlops-kvm-vm",
      "type": "string"
    },
    "kvm_instance_provider": {
      "value": "KVM@TACC",
      "type": "string"
    }
  },
  "resources": [
    {
      "mode": "managed",
      "type": "openstack_compute_floatingip_associate_v2",
      "name": "chiuc_fip_assoc",
      "provider": "provider[\"registry.terraform.io/terraform-provider-openstack/openstack\"].chiuc",
      "instances": []
    },
    {
      "mode": "managed",
      "type": "openstack_compute_floatingip_associate_v2",
      "name": "kvm_fip_assoc",
      "provider": "provider[\"registry.terraform.io/terraform-provider-openstack/openstack\"].kvm",
      "instances": [
        {
          "schema_version": 0,
          "attributes": {
            "fixed_ip": "",
            "floating_ip": "129.114.24.223",
            "id": "129.114.24.223/5cf3f294-55ae-4284-bff4-d56ec53d1096/",
            "instance_id": "5cf3f294-55ae-4284-bff4-d56ec53d1096",
            "region": "KVM@TACC",
            "timeouts": null,
            "wait_until_associated": null
          },
          "sensitive_attributes": [],
          "private": "eyJlMmJmYjczMC1lY2FhLTExZTYtOGY4OC0zNDM2M2JjN2M0YzAiOnsiY3JlYXRlIjo2MDAwMDAwMDAwMDB9fQ==",
          "dependencies": [
            "openstack_compute_instance_v2.kvm_instance",
            "openstack_networking_floatingip_v2.kvm_fip"
          ]
        }
      ]
    },
    {
      "mode": "managed",
      "type": "openstack_compute_instance_v2",
      "name": "chiuc_instance",
      "provider": "provider[\"registry.terraform.io/terraform-provider-openstack/openstack\"].chiuc",
      "instances": [
        {
          "status": "tainted",
          "schema_version": 0,
          "attributes": {
            "access_ip_v4": null,
            "access_ip_v6": null,
            "admin_pass": null,
            "all_metadata": null,
            "all_tags": [],
            "availability_zone": null,
            "availability_zone_hints": null,
            "block_device": [],
            "config_drive": null,
            "created": null,
            "flavor_id": null,
            "flavor_name": "baremetal",
            "floating_ip": null,
            "force_delete": false,
            "id": "758fa14c-5417-45be-abf4-47a75a0d5700",
            "image_id": null,
            "image_name": "CC-Ubuntu20.04",
            "key_pair": "id_rsa_chameleon",
            "metadata": null,
            "name": "mlops-chiuc-vm",
            "network": [
              {
                "access_network": false,
                "fixed_ip_v4": "",
                "fixed_ip_v6": "",
                "floating_ip": "",
                "mac": "",
                "name": "sharednet1",
                "port": "",
                "uuid": ""
              }
            ],
            "network_mode": null,
            "personality": [],
            "power_state": "active",
            "region": null,
            "scheduler_hints": [],
            "security_groups": [
              "default"
            ],
            "stop_before_destroy": false,
            "tags": [
              "environment:production",
              "managed_by:terraform",
              "project:mlops"
            ],
            "timeouts": null,
            "updated": null,
            "user_data": null,
            "vendor_options": [],
            "volume": []
          },
          "sensitive_attributes": [],
          "private": "eyJlMmJmYjczMC1lY2FhLTExZTYtOGY4OC0zNDM2M2JjN2M0YzAiOnsiY3JlYXRlIjoxODAwMDAwMDAwMDAwLCJkZWxldGUiOjE4MDAwMDAwMDAwMDAsInVwZGF0ZSI6MTgwMDAwMDAwMDAwMH19"
        }
      ]
    },
    {
      "mode": "managed",
      "type": "openstack_compute_instance_v2",
      "name": "kvm_instance",
      "provider": "provider[\"registry.terraform.io/terraform-provider-openstack/openstack\"].kvm",
      "instances": [
        {
          "schema_version": 0,
          "attributes": {
            "access_ip_v4": "10.56.2.188",
            "access_ip_v6": "",
            "admin_pass": null,
            "all_metadata": {},
            "all_tags": [],
            "availability_zone": "nova",
            "availability_zone_hints": null,
            "block_device": [],
            "config_drive": null,
            "created": "2025-05-09 18:05:50 +0000 UTC",
            "flavor_id": "2",
            "flavor_name": "m1.small",
            "floating_ip": null,
            "force_delete": false,
            "id": "5cf3f294-55ae-4284-bff4-d56ec53d1096",
            "image_id": "7580b9fb-3693-4574-b875-cfe43918b345",
            "image_name": "CC-Ubuntu20.04",
            "key_pair": "id_rsa_chameleon",
            "metadata": {},
            "name": "mlops-kvm-vm",
            "network": [
              {
                "access_network": false,
                "fixed_ip_v4": "10.56.2.188",
                "fixed_ip_v6": "",
                "floating_ip": "",
                "mac": "fa:16:3e:6a:62:de",
                "name": "sharednet1",
                "port": "",
                "uuid": "50073c73-5817-49c3-8e3a-69b8c357e158"
              }
            ],
            "network_mode": null,
            "personality": [],
            "power_state": "active",
            "region": "KVM@TACC",
            "scheduler_hints": [],
            "security_groups": [
              "default"
            ],
            "stop_before_destroy": false,
            "tags": [
              "environment:production",
              "managed_by:terraform",
              "project:mlops"
            ],
            "timeouts": null,
            "updated": "2025-05-09 18:26:57 +0000 UTC",
            "user_data": null,
            "vendor_options": [],
            "volume": []
          },
          "sensitive_attributes": [],
          "private": "eyJlMmJmYjczMC1lY2FhLTExZTYtOGY4OC0zNDM2M2JjN2M0YzAiOnsiY3JlYXRlIjoxODAwMDAwMDAwMDAwLCJkZWxldGUiOjE4MDAwMDAwMDAwMDAsInVwZGF0ZSI6MTgwMDAwMDAwMDAwMH19"
        }
      ]
    },
    {
      "mode": "managed",
      "type": "openstack_networking_floatingip_v2",
      "name": "chiuc_fip",
      "provider": "provider[\"registry.terraform.io/terraform-provider-openstack/openstack\"].chiuc",
      "instances": [
        {
          "schema_version": 0,
          "attributes": {
            "address": "192.5.87.150",
            "all_tags": [],
            "description": "",
            "dns_domain": "",
            "dns_name": "",
            "fixed_ip": "10.140.83.132",
            "id": "14338d56-659c-4432-a459-32b8dcc26f6d",
            "pool": "public",
            "port_id": "857654ab-79b5-4c1c-88fe-70ec23870384",
            "region": "CHI@UC",
            "subnet_id": null,
            "subnet_ids": null,
            "tags": [],
            "tenant_id": "7c0a7a1952e44c94aa75cae1ff5dc9b4",
            "timeouts": null,
            "value_specs": null
          },
          "sensitive_attributes": [],
          "private": "eyJlMmJmYjczMC1lY2FhLTExZTYtOGY4OC0zNDM2M2JjN2M0YzAiOnsiY3JlYXRlIjo2MDAwMDAwMDAwMDAsImRlbGV0ZSI6NjAwMDAwMDAwMDAwfX0="
        }
      ]
    },
    {
      "mode": "managed",
      "type": "openstack_networking_floatingip_v2",
      "name": "kvm_fip",
      "provider": "provider[\"registry.terraform.io/terraform-provider-openstack/openstack\"].kvm",
      "instances": [
        {
          "schema_version": 0,
          "attributes": {
            "address": "129.114.24.223",
            "all_tags": [],
            "description": "",
            "dns_domain": "",
            "dns_name": "",
            "fixed_ip": "10.56.2.188",
            "id": "afb9a6e8-76b1-4d0a-b08c-6bb651dd5897",
            "pool": "public",
            "port_id": "4817bd88-744a-4353-b83f-a482010e9a6c",
            "region": "KVM@TACC",
            "subnet_id": null,
            "subnet_ids": null,
            "tags": [],
            "tenant_id": "89f528973fea4b3a981f9b2344e522de",
            "timeouts": null,
            "value_specs": null
          },
          "sensitive_attributes": [],
          "private": "eyJlMmJmYjczMC1lY2FhLTExZTYtOGY4OC0zNDM2M2JjN2M0YzAiOnsiY3JlYXRlIjo2MDAwMDAwMDAwMDAsImRlbGV0ZSI6NjAwMDAwMDAwMDAwfX0="
        }
      ]
    }
  ],
  "check_results": null
}
