{
  "version": 4,
  "terraform_version": "1.5.7",
  "serial": 4,
  "lineage": "cde6a717-f1c5-4a69-b6d6-c5b4dfcce5af",
  "outputs": {
    "instance_ip": {
      "value": "129.114.26.157",
      "type": "string"
    }
  },
  "resources": [
    {
      "mode": "managed",
      "type": "openstack_compute_floatingip_associate_v2",
      "name": "fip_assoc",
      "provider": "provider[\"registry.terraform.io/terraform-provider-openstack/openstack\"]",
      "instances": [
        {
          "schema_version": 0,
          "attributes": {
            "fixed_ip": "",
            "floating_ip": "129.114.26.157",
            "id": "129.114.26.157/b1e2a079-322d-4539-819e-89df6165dfcc/",
            "instance_id": "b1e2a079-322d-4539-819e-89df6165dfcc",
            "region": "KVM@TACC",
            "timeouts": null,
            "wait_until_associated": null
          },
          "sensitive_attributes": [],
          "private": "eyJlMmJmYjczMC1lY2FhLTExZTYtOGY4OC0zNDM2M2JjN2M0YzAiOnsiY3JlYXRlIjo2MDAwMDAwMDAwMDB9fQ==",
          "dependencies": [
            "openstack_compute_instance_v2.vm_instance",
            "openstack_networking_floatingip_v2.fip"
          ]
        }
      ]
    },
    {
      "mode": "managed",
      "type": "openstack_compute_instance_v2",
      "name": "vm_instance",
      "provider": "provider[\"registry.terraform.io/terraform-provider-openstack/openstack\"]",
      "instances": [
        {
          "schema_version": 0,
          "attributes": {
            "access_ip_v4": "10.56.3.46",
            "access_ip_v6": "",
            "admin_pass": null,
            "all_metadata": {},
            "all_tags": [],
            "availability_zone": "nova",
            "availability_zone_hints": null,
            "block_device": [],
            "config_drive": null,
            "created": "2025-05-07 21:43:06 +0000 UTC",
            "flavor_id": "2",
            "flavor_name": "m1.small",
            "floating_ip": null,
            "force_delete": false,
            "id": "b1e2a079-322d-4539-819e-89df6165dfcc",
            "image_id": "7580b9fb-3693-4574-b875-cfe43918b345",
            "image_name": "CC-Ubuntu20.04",
            "key_pair": "id_rsa_chameleon",
            "metadata": null,
            "name": "mlops-vm",
            "network": [
              {
                "access_network": false,
                "fixed_ip_v4": "10.56.3.46",
                "fixed_ip_v6": "",
                "floating_ip": "",
                "mac": "fa:16:3e:88:f3:9d",
                "name": "sharednet1",
                "port": "",
                "uuid": "50073c73-5817-49c3-8e3a-69b8c357e158"
              }
            ],
            "network_mode": null,
            "personality": [],
            "power_state": "active",
            "region": "KVM@TACC",
            "scheduler_hints": [],
            "security_groups": [
              "default"
            ],
            "stop_before_destroy": false,
            "tags": null,
            "timeouts": null,
            "updated": "2025-05-07 21:43:10 +0000 UTC",
            "user_data": null,
            "vendor_options": [],
            "volume": []
          },
          "sensitive_attributes": [],
          "private": "eyJlMmJmYjczMC1lY2FhLTExZTYtOGY4OC0zNDM2M2JjN2M0YzAiOnsiY3JlYXRlIjoxODAwMDAwMDAwMDAwLCJkZWxldGUiOjE4MDAwMDAwMDAwMDAsInVwZGF0ZSI6MTgwMDAwMDAwMDAwMH19"
        }
      ]
    },
    {
      "mode": "managed",
      "type": "openstack_networking_floatingip_v2",
      "name": "fip",
      "provider": "provider[\"registry.terraform.io/terraform-provider-openstack/openstack\"]",
      "instances": [
        {
          "schema_version": 0,
          "attributes": {
            "address": "129.114.26.157",
            "all_tags": [],
            "description": "",
            "dns_domain": "",
            "dns_name": "",
            "fixed_ip": "",
            "id": "dba634c8-430a-43ea-babb-5e722ccdf454",
            "pool": "public",
            "port_id": "",
            "region": "KVM@TACC",
            "subnet_id": null,
            "subnet_ids": null,
            "tags": null,
            "tenant_id": "89f528973fea4b3a981f9b2344e522de",
            "timeouts": null,
            "value_specs": null
          },
          "sensitive_attributes": [],
          "private": "eyJlMmJmYjczMC1lY2FhLTExZTYtOGY4OC0zNDM2M2JjN2M0YzAiOnsiY3JlYXRlIjo2MDAwMDAwMDAwMDAsImRlbGV0ZSI6NjAwMDAwMDAwMDAwfX0="
        }
      ]
    }
  ],
  "check_results": null
}
